
Microsoft Visual Studio Solution File, Format Version 12.00
# Visual Studio 2013
VisualStudioVersion = 12.0.31101.0
MinimumVisualStudioVersion = 10.0.40219.1
Project("{FAE04EC0-301F-11D3-BF4B-00C04F79EFBC}") = "Wampi", "Wampi\Wampi.csproj", "{2E623864-C4F8-4E01-9983-6E1C4D042AA9}"
EndProject
Project("{2150E333-8FDC-42A3-9474-1A3956D46DE8}") = "Solution Items", "Solution Items", "{2816A144-E7DA-4822-B26D-2E401FC1DCC5}"
	ProjectSection(SolutionItems) = preProject
		mariadb.xml = mariadb.xml
		Notes.txt = Notes.txt
		phpmyadmin.xml = phpmyadmin.xml
		sources.xml = sources.xml
	EndProjectSection
EndProject
Project("{FAE04EC0-301F-11D3-BF4B-00C04F79EFBC}") = "Wampi.Plugins.Phpmyadmin", "Wampi.Plugins.Phpmyadmin\Wampi.Plugins.Phpmyadmin.csproj", "{380DDA0B-BE8D-4E5E-968C-2094AFF175A6}"
EndProject
Project("{FAE04EC0-301F-11D3-BF4B-00C04F79EFBC}") = "Wampi.Plugins.Mariadb", "Wampi.Plugins.Mariadb\Wampi.Plugins.Mariadb.csproj", "{D872ED94-082E-4DA2-846E-9A79A696017B}"
EndProject
Project("{FAE04EC0-301F-11D3-BF4B-00C04F79EFBC}") = "Wampi.Plugins.Php", "Wampi.Plugins.Php\Wampi.Plugins.Php.csproj", "{BAA5DBB2-970B-4716-A8CD-C2DFF489C626}"
EndProject
Project("{FAE04EC0-301F-11D3-BF4B-00C04F79EFBC}") = "Wampi.Plugins.Apache", "Wampi.Plugins.Apache\Wampi.Plugins.Apache.csproj", "{D14057DB-9D67-4841-8E18-725051AA979B}"
EndProject
Project("{FAE04EC0-301F-11D3-BF4B-00C04F79EFBC}") = "Wampi.Plugins.Mysql", "Wampi.Plugins.Mysql\Wampi.Plugins.Mysql.csproj", "{0F1ADA9A-EC5C-4EA5-9CA7-368D93E8E988}"
EndProject
Project("{930C7802-8A8C-48F9-8165-68863BCCD9DD}") = "Wampi.Setup", "Wampi.Setup\Wampi.Setup.wixproj", "{D8AB52B0-8B5E-4374-B007-39970591D15D}"
EndProject
Global
	GlobalSection(SolutionConfigurationPlatforms) = preSolution
		Debug|Any CPU = Debug|Any CPU
		Debug|Mixed Platforms = Debug|Mixed Platforms
		Debug|x86 = Debug|x86
		Release|Any CPU = Release|Any CPU
		Release|Mixed Platforms = Release|Mixed Platforms
		Release|x86 = Release|x86
	EndGlobalSection
	GlobalSection(ProjectConfigurationPlatforms) = postSolution
		{2E623864-C4F8-4E01-9983-6E1C4D042AA9}.Debug|Any CPU.ActiveCfg = Debug|Any CPU
		{2E623864-C4F8-4E01-9983-6E1C4D042AA9}.Debug|Any CPU.Build.0 = Debug|Any CPU
		{2E623864-C4F8-4E01-9983-6E1C4D042AA9}.Debug|Mixed Platforms.ActiveCfg = Debug|Any CPU
		{2E623864-C4F8-4E01-9983-6E1C4D042AA9}.Debug|Mixed Platforms.Build.0 = Debug|Any CPU
		{2E623864-C4F8-4E01-9983-6E1C4D042AA9}.Debug|x86.ActiveCfg = Debug|Any CPU
		{2E623864-C4F8-4E01-9983-6E1C4D042AA9}.Release|Any CPU.ActiveCfg = Release|Any CPU
		{2E623864-C4F8-4E01-9983-6E1C4D042AA9}.Release|Any CPU.Build.0 = Release|Any CPU
		{2E623864-C4F8-4E01-9983-6E1C4D042AA9}.Release|Mixed Platforms.ActiveCfg = Release|Any CPU
		{2E623864-C4F8-4E01-9983-6E1C4D042AA9}.Release|Mixed Platforms.Build.0 = Release|Any CPU
		{2E623864-C4F8-4E01-9983-6E1C4D042AA9}.Release|x86.ActiveCfg = Release|Any CPU
		{380DDA0B-BE8D-4E5E-968C-2094AFF175A6}.Debug|Any CPU.ActiveCfg = Debug|Any CPU
		{380DDA0B-BE8D-4E5E-968C-2094AFF175A6}.Debug|Any CPU.Build.0 = Debug|Any CPU
		{380DDA0B-BE8D-4E5E-968C-2094AFF175A6}.Debug|Mixed Platforms.ActiveCfg = Debug|Any CPU
		{380DDA0B-BE8D-4E5E-968C-2094AFF175A6}.Debug|Mixed Platforms.Build.0 = Debug|Any CPU
		{380DDA0B-BE8D-4E5E-968C-2094AFF175A6}.Debug|x86.ActiveCfg = Debug|Any CPU
		{380DDA0B-BE8D-4E5E-968C-2094AFF175A6}.Release|Any CPU.ActiveCfg = Release|Any CPU
		{380DDA0B-BE8D-4E5E-968C-2094AFF175A6}.Release|Any CPU.Build.0 = Release|Any CPU
		{380DDA0B-BE8D-4E5E-968C-2094AFF175A6}.Release|Mixed Platforms.ActiveCfg = Release|Any CPU
		{380DDA0B-BE8D-4E5E-968C-2094AFF175A6}.Release|Mixed Platforms.Build.0 = Release|Any CPU
		{380DDA0B-BE8D-4E5E-968C-2094AFF175A6}.Release|x86.ActiveCfg = Release|Any CPU
		{D872ED94-082E-4DA2-846E-9A79A696017B}.Debug|Any CPU.ActiveCfg = Debug|Any CPU
		{D872ED94-082E-4DA2-846E-9A79A696017B}.Debug|Any CPU.Build.0 = Debug|Any CPU
		{D872ED94-082E-4DA2-846E-9A79A696017B}.Debug|Mixed Platforms.ActiveCfg = Debug|Any CPU
		{D872ED94-082E-4DA2-846E-9A79A696017B}.Debug|Mixed Platforms.Build.0 = Debug|Any CPU
		{D872ED94-082E-4DA2-846E-9A79A696017B}.Debug|x86.ActiveCfg = Debug|Any CPU
		{D872ED94-082E-4DA2-846E-9A79A696017B}.Release|Any CPU.ActiveCfg = Release|Any CPU
		{D872ED94-082E-4DA2-846E-9A79A696017B}.Release|Any CPU.Build.0 = Release|Any CPU
		{D872ED94-082E-4DA2-846E-9A79A696017B}.Release|Mixed Platforms.ActiveCfg = Release|Any CPU
		{D872ED94-082E-4DA2-846E-9A79A696017B}.Release|Mixed Platforms.Build.0 = Release|Any CPU
		{D872ED94-082E-4DA2-846E-9A79A696017B}.Release|x86.ActiveCfg = Release|Any CPU
		{BAA5DBB2-970B-4716-A8CD-C2DFF489C626}.Debug|Any CPU.ActiveCfg = Debug|Any CPU
		{BAA5DBB2-970B-4716-A8CD-C2DFF489C626}.Debug|Any CPU.Build.0 = Debug|Any CPU
		{BAA5DBB2-970B-4716-A8CD-C2DFF489C626}.Debug|Mixed Platforms.ActiveCfg = Debug|Any CPU
		{BAA5DBB2-970B-4716-A8CD-C2DFF489C626}.Debug|Mixed Platforms.Build.0 = Debug|Any CPU
		{BAA5DBB2-970B-4716-A8CD-C2DFF489C626}.Debug|x86.ActiveCfg = Debug|Any CPU
		{BAA5DBB2-970B-4716-A8CD-C2DFF489C626}.Release|Any CPU.ActiveCfg = Release|Any CPU
		{BAA5DBB2-970B-4716-A8CD-C2DFF489C626}.Release|Any CPU.Build.0 = Release|Any CPU
		{BAA5DBB2-970B-4716-A8CD-C2DFF489C626}.Release|Mixed Platforms.ActiveCfg = Release|Any CPU
		{BAA5DBB2-970B-4716-A8CD-C2DFF489C626}.Release|Mixed Platforms.Build.0 = Release|Any CPU
		{BAA5DBB2-970B-4716-A8CD-C2DFF489C626}.Release|x86.ActiveCfg = Release|Any CPU
		{D14057DB-9D67-4841-8E18-725051AA979B}.Debug|Any CPU.ActiveCfg = Debug|Any CPU
		{D14057DB-9D67-4841-8E18-725051AA979B}.Debug|Any CPU.Build.0 = Debug|Any CPU
		{D14057DB-9D67-4841-8E18-725051AA979B}.Debug|Mixed Platforms.ActiveCfg = Debug|Any CPU
		{D14057DB-9D67-4841-8E18-725051AA979B}.Debug|Mixed Platforms.Build.0 = Debug|Any CPU
		{D14057DB-9D67-4841-8E18-725051AA979B}.Debug|x86.ActiveCfg = Debug|Any CPU
		{D14057DB-9D67-4841-8E18-725051AA979B}.Release|Any CPU.ActiveCfg = Release|Any CPU
		{D14057DB-9D67-4841-8E18-725051AA979B}.Release|Any CPU.Build.0 = Release|Any CPU
		{D14057DB-9D67-4841-8E18-725051AA979B}.Release|Mixed Platforms.ActiveCfg = Release|Any CPU
		{D14057DB-9D67-4841-8E18-725051AA979B}.Release|Mixed Platforms.Build.0 = Release|Any CPU
		{D14057DB-9D67-4841-8E18-725051AA979B}.Release|x86.ActiveCfg = Release|Any CPU
		{0F1ADA9A-EC5C-4EA5-9CA7-368D93E8E988}.Debug|Any CPU.ActiveCfg = Debug|Any CPU
		{0F1ADA9A-EC5C-4EA5-9CA7-368D93E8E988}.Debug|Any CPU.Build.0 = Debug|Any CPU
		{0F1ADA9A-EC5C-4EA5-9CA7-368D93E8E988}.Debug|Mixed Platforms.ActiveCfg = Debug|Any CPU
		{0F1ADA9A-EC5C-4EA5-9CA7-368D93E8E988}.Debug|Mixed Platforms.Build.0 = Debug|Any CPU
		{0F1ADA9A-EC5C-4EA5-9CA7-368D93E8E988}.Debug|x86.ActiveCfg = Debug|Any CPU
		{0F1ADA9A-EC5C-4EA5-9CA7-368D93E8E988}.Release|Any CPU.ActiveCfg = Release|Any CPU
		{0F1ADA9A-EC5C-4EA5-9CA7-368D93E8E988}.Release|Any CPU.Build.0 = Release|Any CPU
		{0F1ADA9A-EC5C-4EA5-9CA7-368D93E8E988}.Release|Mixed Platforms.ActiveCfg = Release|Any CPU
		{0F1ADA9A-EC5C-4EA5-9CA7-368D93E8E988}.Release|Mixed Platforms.Build.0 = Release|Any CPU
		{0F1ADA9A-EC5C-4EA5-9CA7-368D93E8E988}.Release|x86.ActiveCfg = Release|Any CPU
		{D8AB52B0-8B5E-4374-B007-39970591D15D}.Debug|Any CPU.ActiveCfg = Debug|x86
		{D8AB52B0-8B5E-4374-B007-39970591D15D}.Debug|Mixed Platforms.ActiveCfg = Debug|x86
		{D8AB52B0-8B5E-4374-B007-39970591D15D}.Debug|Mixed Platforms.Build.0 = Debug|x86
		{D8AB52B0-8B5E-4374-B007-39970591D15D}.Debug|x86.ActiveCfg = Debug|x86
		{D8AB52B0-8B5E-4374-B007-39970591D15D}.Debug|x86.Build.0 = Debug|x86
		{D8AB52B0-8B5E-4374-B007-39970591D15D}.Release|Any CPU.ActiveCfg = Release|x86
		{D8AB52B0-8B5E-4374-B007-39970591D15D}.Release|Mixed Platforms.ActiveCfg = Release|x86
		{D8AB52B0-8B5E-4374-B007-39970591D15D}.Release|Mixed Platforms.Build.0 = Release|x86
		{D8AB52B0-8B5E-4374-B007-39970591D15D}.Release|x86.ActiveCfg = Release|x86
		{D8AB52B0-8B5E-4374-B007-39970591D15D}.Release|x86.Build.0 = Release|x86
	EndGlobalSection
	GlobalSection(SolutionProperties) = preSolution
		HideSolutionNode = FALSE
	EndGlobalSection
EndGlobal
